
Microsoft Visual Studio Solution File, Format Version 12.00
# Visual Studio 2012
Project("{FAE04EC0-301F-11D3-BF4B-00C04F79EFBC}") = "EightNumberQuestion", "EightNumberQuestion\EightNumberQuestion.csproj", "{A7C9F18F-0DF9-4E9F-A74D-8D37D025EB52}"
EndProject
Project("{FAE04EC0-301F-11D3-BF4B-00C04F79EFBC}") = "EightNumberQuestion.Test", "Test\EightNumberQuestion.Test.csproj", "{E14A17AF-B49D-44FF-8A61-7CAEE6555E00}"
EndProject
Project("{FAE04EC0-301F-11D3-BF4B-00C04F79EFBC}") = "EightNumberQuestion.GUI", "EightNumberQuestion.GUI\EightNumberQuestion.GUI.csproj", "{B80CC307-B63A-46C4-B12A-CAA781B0ADA5}"
EndProject
Project("{FAE04EC0-301F-11D3-BF4B-00C04F79EFBC}") = "EightNumberQuestion.Definitions", "EightNumberQuestion.Definitions\EightNumberQuestion.Definitions.csproj", "{DCC23A9B-8901-4838-86BD-00410CD3265D}"
EndProject
Project("{FAE04EC0-301F-11D3-BF4B-00C04F79EFBC}") = "EightNumberQuestion.Solvers", "EightNumberQuestion.Solvers\EightNumberQuestion.Solvers.csproj", "{D0F8D65E-1A3F-4E63-A937-B03ABC6B9CE1}"
EndProject
Global
	GlobalSection(SolutionConfigurationPlatforms) = preSolution
		Debug|Any CPU = Debug|Any CPU
		Release|Any CPU = Release|Any CPU
	EndGlobalSection
	GlobalSection(ProjectConfigurationPlatforms) = postSolution
		{A7C9F18F-0DF9-4E9F-A74D-8D37D025EB52}.Debug|Any CPU.ActiveCfg = Debug|Any CPU
		{A7C9F18F-0DF9-4E9F-A74D-8D37D025EB52}.Debug|Any CPU.Build.0 = Debug|Any CPU
		{A7C9F18F-0DF9-4E9F-A74D-8D37D025EB52}.Release|Any CPU.ActiveCfg = Release|Any CPU
		{A7C9F18F-0DF9-4E9F-A74D-8D37D025EB52}.Release|Any CPU.Build.0 = Release|Any CPU
		{E14A17AF-B49D-44FF-8A61-7CAEE6555E00}.Debug|Any CPU.ActiveCfg = Debug|Any CPU
		{E14A17AF-B49D-44FF-8A61-7CAEE6555E00}.Debug|Any CPU.Build.0 = Debug|Any CPU
		{E14A17AF-B49D-44FF-8A61-7CAEE6555E00}.Release|Any CPU.ActiveCfg = Release|Any CPU
		{E14A17AF-B49D-44FF-8A61-7CAEE6555E00}.Release|Any CPU.Build.0 = Release|Any CPU
		{B80CC307-B63A-46C4-B12A-CAA781B0ADA5}.Debug|Any CPU.ActiveCfg = Debug|Any CPU
		{B80CC307-B63A-46C4-B12A-CAA781B0ADA5}.Debug|Any CPU.Build.0 = Debug|Any CPU
		{B80CC307-B63A-46C4-B12A-CAA781B0ADA5}.Release|Any CPU.ActiveCfg = Release|Any CPU
		{B80CC307-B63A-46C4-B12A-CAA781B0ADA5}.Release|Any CPU.Build.0 = Release|Any CPU
		{DCC23A9B-8901-4838-86BD-00410CD3265D}.Debug|Any CPU.ActiveCfg = Debug|Any CPU
		{DCC23A9B-8901-4838-86BD-00410CD3265D}.Debug|Any CPU.Build.0 = Debug|Any CPU
		{DCC23A9B-8901-4838-86BD-00410CD3265D}.Release|Any CPU.ActiveCfg = Release|Any CPU
		{DCC23A9B-8901-4838-86BD-00410CD3265D}.Release|Any CPU.Build.0 = Release|Any CPU
		{D0F8D65E-1A3F-4E63-A937-B03ABC6B9CE1}.Debug|Any CPU.ActiveCfg = Debug|Any CPU
		{D0F8D65E-1A3F-4E63-A937-B03ABC6B9CE1}.Debug|Any CPU.Build.0 = Debug|Any CPU
		{D0F8D65E-1A3F-4E63-A937-B03ABC6B9CE1}.Release|Any CPU.ActiveCfg = Release|Any CPU
		{D0F8D65E-1A3F-4E63-A937-B03ABC6B9CE1}.Release|Any CPU.Build.0 = Release|Any CPU
	EndGlobalSection
	GlobalSection(SolutionProperties) = preSolution
		HideSolutionNode = FALSE
	EndGlobalSection
EndGlobal
